
Microsoft Visual Studio Solution File, Format Version 12.00
# Visual Studio Version 17
VisualStudioVersion = 17.0.32112.339
MinimumVisualStudioVersion = 10.0.40219.1
Project("{9A19103F-16F7-4668-BE54-9A1E7A4F7556}") = "UrlShortener.WebApi", "UrlShortener.WebApi\UrlShortener.WebApi.csproj", "{BA2C01AF-A2B6-4B7A-909C-C09C33864722}"
EndProject
Project("{2150E333-8FDC-42A3-9474-1A3956D46DE8}") = "SolutionFolder", "SolutionFolder", "{E87916FF-21BB-4D64-8530-32E638BBB9A3}"
	ProjectSection(SolutionItems) = preProject
		.editorconfig = .editorconfig
		.gitattributes = .gitattributes
		.gitignore = .gitignore
		README.md = README.md
	EndProjectSection
EndProject
Project("{FAE04EC0-301F-11D3-BF4B-00C04F79EFBC}") = "UrlShortener.Domain", "UrlShortener.Domain\UrlShortener.Domain.csproj", "{2AF2A293-BCBA-4FB2-B574-C242F1A0302B}"
EndProject
Project("{FAE04EC0-301F-11D3-BF4B-00C04F79EFBC}") = "UrlShortener.Application", "UrlShortener.Application\UrlShortener.Application.csproj", "{ABED245E-8F14-42A1-97B4-5D39D31415D3}"
EndProject
Project("{FAE04EC0-301F-11D3-BF4B-00C04F79EFBC}") = "UrlShortener.Infrastructure", "UrlShortener.Infrastructure\UrlShortener.Infrastructure.csproj", "{46A0E602-1E51-4F84-8D80-5184B44C823D}"
EndProject
Global
	GlobalSection(SolutionConfigurationPlatforms) = preSolution
		Debug|Any CPU = Debug|Any CPU
		Release|Any CPU = Release|Any CPU
	EndGlobalSection
	GlobalSection(ProjectConfigurationPlatforms) = postSolution
		{BA2C01AF-A2B6-4B7A-909C-C09C33864722}.Debug|Any CPU.ActiveCfg = Debug|Any CPU
		{BA2C01AF-A2B6-4B7A-909C-C09C33864722}.Debug|Any CPU.Build.0 = Debug|Any CPU
		{BA2C01AF-A2B6-4B7A-909C-C09C33864722}.Release|Any CPU.ActiveCfg = Release|Any CPU
		{BA2C01AF-A2B6-4B7A-909C-C09C33864722}.Release|Any CPU.Build.0 = Release|Any CPU
		{2AF2A293-BCBA-4FB2-B574-C242F1A0302B}.Debug|Any CPU.ActiveCfg = Debug|Any CPU
		{2AF2A293-BCBA-4FB2-B574-C242F1A0302B}.Debug|Any CPU.Build.0 = Debug|Any CPU
		{2AF2A293-BCBA-4FB2-B574-C242F1A0302B}.Release|Any CPU.ActiveCfg = Release|Any CPU
		{2AF2A293-BCBA-4FB2-B574-C242F1A0302B}.Release|Any CPU.Build.0 = Release|Any CPU
		{ABED245E-8F14-42A1-97B4-5D39D31415D3}.Debug|Any CPU.ActiveCfg = Debug|Any CPU
		{ABED245E-8F14-42A1-97B4-5D39D31415D3}.Debug|Any CPU.Build.0 = Debug|Any CPU
		{ABED245E-8F14-42A1-97B4-5D39D31415D3}.Release|Any CPU.ActiveCfg = Release|Any CPU
		{ABED245E-8F14-42A1-97B4-5D39D31415D3}.Release|Any CPU.Build.0 = Release|Any CPU
		{46A0E602-1E51-4F84-8D80-5184B44C823D}.Debug|Any CPU.ActiveCfg = Debug|Any CPU
		{46A0E602-1E51-4F84-8D80-5184B44C823D}.Debug|Any CPU.Build.0 = Debug|Any CPU
		{46A0E602-1E51-4F84-8D80-5184B44C823D}.Release|Any CPU.ActiveCfg = Release|Any CPU
		{46A0E602-1E51-4F84-8D80-5184B44C823D}.Release|Any CPU.Build.0 = Release|Any CPU
	EndGlobalSection
	GlobalSection(SolutionProperties) = preSolution
		HideSolutionNode = FALSE
	EndGlobalSection
	GlobalSection(ExtensibilityGlobals) = postSolution
		SolutionGuid = {85D9744B-BEDD-4229-9318-0CEE453CB922}
	EndGlobalSection
EndGlobal
